
Microsoft Visual Studio Solution File, Format Version 12.00
# Visual Studio Version 17
VisualStudioVersion = 17.0.31612.314
MinimumVisualStudioVersion = 10.0.40219.1
Project("{FAE04EC0-301F-11D3-BF4B-00C04F79EFBC}") = "Shafutinskiy_Calendar", "Shafutinskiy_Calendar\Shafutinskiy_Calendar.csproj", "{B478DCD3-8700-4503-8E9B-BC6568B20FCC}"
EndProject
Global
	GlobalSection(SolutionConfigurationPlatforms) = preSolution
		Debug|Any CPU = Debug|Any CPU
		Release|Any CPU = Release|Any CPU
	EndGlobalSection
	GlobalSection(ProjectConfigurationPlatforms) = postSolution
		{B478DCD3-8700-4503-8E9B-BC6568B20FCC}.Debug|Any CPU.ActiveCfg = Debug|Any CPU
		{B478DCD3-8700-4503-8E9B-BC6568B20FCC}.Debug|Any CPU.Build.0 = Debug|Any CPU
		{B478DCD3-8700-4503-8E9B-BC6568B20FCC}.Release|Any CPU.ActiveCfg = Release|Any CPU
		{B478DCD3-8700-4503-8E9B-BC6568B20FCC}.Release|Any CPU.Build.0 = Release|Any CPU
	EndGlobalSection
	GlobalSection(SolutionProperties) = preSolution
		HideSolutionNode = FALSE
	EndGlobalSection
	GlobalSection(ExtensibilityGlobals) = postSolution
		SolutionGuid = {1D7728CE-7CB9-41BB-8ED4-5FE11DD0F932}
	EndGlobalSection
EndGlobal
